
Microsoft Visual Studio Solution File, Format Version 12.00
# Visual Studio Version 17
VisualStudioVersion = 17.6.33617.297
MinimumVisualStudioVersion = 10.0.40219.1
Project("{FAE04EC0-301F-11D3-BF4B-00C04F79EFBC}") = "EmployeeReview.Domain", "EmployeeReview.Domain\EmployeeReview.Domain.csproj", "{6D80F123-39E1-4F58-8052-4AA9140C52DD}"
EndProject
Project("{FAE04EC0-301F-11D3-BF4B-00C04F79EFBC}") = "Application", "Application\Application.csproj", "{0222E53B-0CA7-4B50-A14B-9110CA546215}"
EndProject
Project("{FAE04EC0-301F-11D3-BF4B-00C04F79EFBC}") = "Infrastructure", "Infrastructure\Infrastructure.csproj", "{F71726EB-2F50-4B42-A5C3-7B78F563F300}"
EndProject
Project("{FAE04EC0-301F-11D3-BF4B-00C04F79EFBC}") = "Api", "Api\Api.csproj", "{47C83DE5-171D-4BC0-86E3-97049BB72DB2}"
EndProject
Global
	GlobalSection(SolutionConfigurationPlatforms) = preSolution
		Debug|Any CPU = Debug|Any CPU
		Release|Any CPU = Release|Any CPU
	EndGlobalSection
	GlobalSection(ProjectConfigurationPlatforms) = postSolution
		{6D80F123-39E1-4F58-8052-4AA9140C52DD}.Debug|Any CPU.ActiveCfg = Debug|Any CPU
		{6D80F123-39E1-4F58-8052-4AA9140C52DD}.Debug|Any CPU.Build.0 = Debug|Any CPU
		{6D80F123-39E1-4F58-8052-4AA9140C52DD}.Release|Any CPU.ActiveCfg = Release|Any CPU
		{6D80F123-39E1-4F58-8052-4AA9140C52DD}.Release|Any CPU.Build.0 = Release|Any CPU
		{0222E53B-0CA7-4B50-A14B-9110CA546215}.Debug|Any CPU.ActiveCfg = Debug|Any CPU
		{0222E53B-0CA7-4B50-A14B-9110CA546215}.Debug|Any CPU.Build.0 = Debug|Any CPU
		{0222E53B-0CA7-4B50-A14B-9110CA546215}.Release|Any CPU.ActiveCfg = Release|Any CPU
		{0222E53B-0CA7-4B50-A14B-9110CA546215}.Release|Any CPU.Build.0 = Release|Any CPU
		{F71726EB-2F50-4B42-A5C3-7B78F563F300}.Debug|Any CPU.ActiveCfg = Debug|Any CPU
		{F71726EB-2F50-4B42-A5C3-7B78F563F300}.Debug|Any CPU.Build.0 = Debug|Any CPU
		{F71726EB-2F50-4B42-A5C3-7B78F563F300}.Release|Any CPU.ActiveCfg = Release|Any CPU
		{F71726EB-2F50-4B42-A5C3-7B78F563F300}.Release|Any CPU.Build.0 = Release|Any CPU
		{47C83DE5-171D-4BC0-86E3-97049BB72DB2}.Debug|Any CPU.ActiveCfg = Debug|Any CPU
		{47C83DE5-171D-4BC0-86E3-97049BB72DB2}.Debug|Any CPU.Build.0 = Debug|Any CPU
		{47C83DE5-171D-4BC0-86E3-97049BB72DB2}.Release|Any CPU.ActiveCfg = Release|Any CPU
		{47C83DE5-171D-4BC0-86E3-97049BB72DB2}.Release|Any CPU.Build.0 = Release|Any CPU
	EndGlobalSection
	GlobalSection(SolutionProperties) = preSolution
		HideSolutionNode = FALSE
	EndGlobalSection
	GlobalSection(ExtensibilityGlobals) = postSolution
		SolutionGuid = {49E451FC-8F35-466C-B3D0-97CC1668E51C}
	EndGlobalSection
EndGlobal
